
Microsoft Visual Studio Solution File, Format Version 12.00
# Visual Studio Version 17
VisualStudioVersion = 17.9.34728.123
MinimumVisualStudioVersion = 10.0.40219.1
Project("{FAE04EC0-301F-11D3-BF4B-00C04F79EFBC}") = "StudentManagementSystem", "StudentManagementSystem.csproj", "{24C4E3B4-CFC5-4CD7-B184-08BFD252A1C7}"
EndProject
Global
	GlobalSection(SolutionConfigurationPlatforms) = preSolution
		Debug|Any CPU = Debug|Any CPU
		Release|Any CPU = Release|Any CPU
	EndGlobalSection
	GlobalSection(ProjectConfigurationPlatforms) = postSolution
		{24C4E3B4-CFC5-4CD7-B184-08BFD252A1C7}.Debug|Any CPU.ActiveCfg = Debug|Any CPU
		{24C4E3B4-CFC5-4CD7-B184-08BFD252A1C7}.Debug|Any CPU.Build.0 = Debug|Any CPU
		{24C4E3B4-CFC5-4CD7-B184-08BFD252A1C7}.Release|Any CPU.ActiveCfg = Release|Any CPU
		{24C4E3B4-CFC5-4CD7-B184-08BFD252A1C7}.Release|Any CPU.Build.0 = Release|Any CPU
	EndGlobalSection
	GlobalSection(SolutionProperties) = preSolution
		HideSolutionNode = FALSE
	EndGlobalSection
	GlobalSection(ExtensibilityGlobals) = postSolution
		SolutionGuid = {B9D5EF27-6B3F-4256-9FAF-A1057EC097F5}
	EndGlobalSection
EndGlobal
